
Microsoft Visual Studio Solution File, Format Version 12.00
Project("{FAE04EC0-301F-11D3-BF4B-00C04F79EFBC}") = "Client", "Client\Client.csproj", "{5B251561-2E99-498D-ABDD-45281A7EBF55}"
EndProject
Project("{FAE04EC0-301F-11D3-BF4B-00C04F79EFBC}") = "TransactionManager", "TransactionManager\TransactionManager.csproj", "{12678C00-CFB8-41DE-8C20-20E2B9CC350F}"
EndProject
Project("{FAE04EC0-301F-11D3-BF4B-00C04F79EFBC}") = "LeaseManager", "LeaseManager\LeaseManager.csproj", "{EC142083-BB9A-4086-B08A-5B74FA6675FB}"
EndProject
Global
	GlobalSection(SolutionConfigurationPlatforms) = preSolution
		Debug|Any CPU = Debug|Any CPU
		Release|Any CPU = Release|Any CPU
	EndGlobalSection
	GlobalSection(ProjectConfigurationPlatforms) = postSolution
		{5B251561-2E99-498D-ABDD-45281A7EBF55}.Debug|Any CPU.ActiveCfg = Debug|Any CPU
		{5B251561-2E99-498D-ABDD-45281A7EBF55}.Debug|Any CPU.Build.0 = Debug|Any CPU
		{5B251561-2E99-498D-ABDD-45281A7EBF55}.Release|Any CPU.ActiveCfg = Release|Any CPU
		{5B251561-2E99-498D-ABDD-45281A7EBF55}.Release|Any CPU.Build.0 = Release|Any CPU
		{12678C00-CFB8-41DE-8C20-20E2B9CC350F}.Debug|Any CPU.ActiveCfg = Debug|Any CPU
		{12678C00-CFB8-41DE-8C20-20E2B9CC350F}.Debug|Any CPU.Build.0 = Debug|Any CPU
		{12678C00-CFB8-41DE-8C20-20E2B9CC350F}.Release|Any CPU.ActiveCfg = Release|Any CPU
		{12678C00-CFB8-41DE-8C20-20E2B9CC350F}.Release|Any CPU.Build.0 = Release|Any CPU
		{EC142083-BB9A-4086-B08A-5B74FA6675FB}.Debug|Any CPU.ActiveCfg = Debug|Any CPU
		{EC142083-BB9A-4086-B08A-5B74FA6675FB}.Debug|Any CPU.Build.0 = Debug|Any CPU
		{EC142083-BB9A-4086-B08A-5B74FA6675FB}.Release|Any CPU.ActiveCfg = Release|Any CPU
		{EC142083-BB9A-4086-B08A-5B74FA6675FB}.Release|Any CPU.Build.0 = Release|Any CPU
	EndGlobalSection
EndGlobal
